
Microsoft Visual Studio Solution File, Format Version 12.00
# Visual Studio Version 17
VisualStudioVersion = 17.0.31903.59
MinimumVisualStudioVersion = 10.0.40219.1
Project("{2150E333-8FDC-42A3-9474-1A3956D46DE8}") = "apps", "apps", "{7E985755-3B4C-44A2-8D31-830DD67F4F35}"
EndProject
Project("{2150E333-8FDC-42A3-9474-1A3956D46DE8}") = "berry", "berry", "{6738A1F1-F1E1-4545-8484-D4DB84331842}"
EndProject
Project("{FAE04EC0-301F-11D3-BF4B-00C04F79EFBC}") = "berry", "apps\berry\berry\berry.csproj", "{45F4F722-6E22-4B00-8E9F-D4303A6CE963}"
EndProject
Project("{FAE04EC0-301F-11D3-BF4B-00C04F79EFBC}") = "berry.tests", "apps\berry\berry.tests\berry.tests.csproj", "{C032A83A-DB94-4645-9F0D-B5DD77D9665B}"
EndProject
Project("{2150E333-8FDC-42A3-9474-1A3956D46DE8}") = "terry", "terry", "{59F108ED-7489-4D27-A44A-FAAE342C047E}"
EndProject
Project("{FAE04EC0-301F-11D3-BF4B-00C04F79EFBC}") = "terry", "apps\terry\terry\terry.csproj", "{65BBB1A6-1F84-43E4-9B6B-61B701812BE1}"
EndProject
Project("{FAE04EC0-301F-11D3-BF4B-00C04F79EFBC}") = "terry.tests", "apps\terry\terry.tests\terry.tests.csproj", "{55C5EEC7-6FA8-4BDE-82AF-0F72BCA14126}"
EndProject
Project("{2150E333-8FDC-42A3-9474-1A3956D46DE8}") = "libs", "libs", "{545EDEC2-2731-42EB-9641-0B7D02181D72}"
EndProject
Project("{2150E333-8FDC-42A3-9474-1A3956D46DE8}") = "leash", "leash", "{581C03A6-E3D5-4672-8CE0-9682C98B22D5}"
EndProject
Project("{FAE04EC0-301F-11D3-BF4B-00C04F79EFBC}") = "leash", "libs\leash\leash\leash.csproj", "{4195A5FB-E5B7-4225-BD26-8DE8DD679DEA}"
EndProject
Project("{FAE04EC0-301F-11D3-BF4B-00C04F79EFBC}") = "leash.tests", "libs\leash\leash.tests\leash.tests.csproj", "{574BAD23-7D7E-4181-9D03-CC3319E973E9}"
EndProject
Global
	GlobalSection(SolutionConfigurationPlatforms) = preSolution
		Debug|Any CPU = Debug|Any CPU
		Release|Any CPU = Release|Any CPU
	EndGlobalSection
	GlobalSection(SolutionProperties) = preSolution
		HideSolutionNode = FALSE
	EndGlobalSection
	GlobalSection(ProjectConfigurationPlatforms) = postSolution
		{45F4F722-6E22-4B00-8E9F-D4303A6CE963}.Debug|Any CPU.ActiveCfg = Debug|Any CPU
		{45F4F722-6E22-4B00-8E9F-D4303A6CE963}.Debug|Any CPU.Build.0 = Debug|Any CPU
		{45F4F722-6E22-4B00-8E9F-D4303A6CE963}.Release|Any CPU.ActiveCfg = Release|Any CPU
		{45F4F722-6E22-4B00-8E9F-D4303A6CE963}.Release|Any CPU.Build.0 = Release|Any CPU
		{C032A83A-DB94-4645-9F0D-B5DD77D9665B}.Debug|Any CPU.ActiveCfg = Debug|Any CPU
		{C032A83A-DB94-4645-9F0D-B5DD77D9665B}.Debug|Any CPU.Build.0 = Debug|Any CPU
		{C032A83A-DB94-4645-9F0D-B5DD77D9665B}.Release|Any CPU.ActiveCfg = Release|Any CPU
		{C032A83A-DB94-4645-9F0D-B5DD77D9665B}.Release|Any CPU.Build.0 = Release|Any CPU
		{65BBB1A6-1F84-43E4-9B6B-61B701812BE1}.Debug|Any CPU.ActiveCfg = Debug|Any CPU
		{65BBB1A6-1F84-43E4-9B6B-61B701812BE1}.Debug|Any CPU.Build.0 = Debug|Any CPU
		{65BBB1A6-1F84-43E4-9B6B-61B701812BE1}.Release|Any CPU.ActiveCfg = Release|Any CPU
		{65BBB1A6-1F84-43E4-9B6B-61B701812BE1}.Release|Any CPU.Build.0 = Release|Any CPU
		{55C5EEC7-6FA8-4BDE-82AF-0F72BCA14126}.Debug|Any CPU.ActiveCfg = Debug|Any CPU
		{55C5EEC7-6FA8-4BDE-82AF-0F72BCA14126}.Debug|Any CPU.Build.0 = Debug|Any CPU
		{55C5EEC7-6FA8-4BDE-82AF-0F72BCA14126}.Release|Any CPU.ActiveCfg = Release|Any CPU
		{55C5EEC7-6FA8-4BDE-82AF-0F72BCA14126}.Release|Any CPU.Build.0 = Release|Any CPU
		{4195A5FB-E5B7-4225-BD26-8DE8DD679DEA}.Debug|Any CPU.ActiveCfg = Debug|Any CPU
		{4195A5FB-E5B7-4225-BD26-8DE8DD679DEA}.Debug|Any CPU.Build.0 = Debug|Any CPU
		{4195A5FB-E5B7-4225-BD26-8DE8DD679DEA}.Release|Any CPU.ActiveCfg = Release|Any CPU
		{4195A5FB-E5B7-4225-BD26-8DE8DD679DEA}.Release|Any CPU.Build.0 = Release|Any CPU
		{574BAD23-7D7E-4181-9D03-CC3319E973E9}.Debug|Any CPU.ActiveCfg = Debug|Any CPU
		{574BAD23-7D7E-4181-9D03-CC3319E973E9}.Debug|Any CPU.Build.0 = Debug|Any CPU
		{574BAD23-7D7E-4181-9D03-CC3319E973E9}.Release|Any CPU.ActiveCfg = Release|Any CPU
		{574BAD23-7D7E-4181-9D03-CC3319E973E9}.Release|Any CPU.Build.0 = Release|Any CPU
	EndGlobalSection
	GlobalSection(NestedProjects) = preSolution
		{6738A1F1-F1E1-4545-8484-D4DB84331842} = {7E985755-3B4C-44A2-8D31-830DD67F4F35}
		{45F4F722-6E22-4B00-8E9F-D4303A6CE963} = {6738A1F1-F1E1-4545-8484-D4DB84331842}
		{C032A83A-DB94-4645-9F0D-B5DD77D9665B} = {6738A1F1-F1E1-4545-8484-D4DB84331842}
		{59F108ED-7489-4D27-A44A-FAAE342C047E} = {7E985755-3B4C-44A2-8D31-830DD67F4F35}
		{65BBB1A6-1F84-43E4-9B6B-61B701812BE1} = {59F108ED-7489-4D27-A44A-FAAE342C047E}
		{55C5EEC7-6FA8-4BDE-82AF-0F72BCA14126} = {59F108ED-7489-4D27-A44A-FAAE342C047E}
		{581C03A6-E3D5-4672-8CE0-9682C98B22D5} = {545EDEC2-2731-42EB-9641-0B7D02181D72}
		{4195A5FB-E5B7-4225-BD26-8DE8DD679DEA} = {581C03A6-E3D5-4672-8CE0-9682C98B22D5}
		{574BAD23-7D7E-4181-9D03-CC3319E973E9} = {581C03A6-E3D5-4672-8CE0-9682C98B22D5}
	EndGlobalSection
EndGlobal
